# This file is generated by running "yarn install" inside your project.
# Manual changes might be lost - proceed with caution!

__metadata:
  version: 6
  cacheKey: 8

"@openagenda/verror@npm:^3.1.0":
  version: 3.1.0
  resolution: "@openagenda/verror@npm:3.1.0"
  dependencies:
    assertion-error: ^1.1.0
    depd: ^2.0.0
    inherits: ^2.0.4
    sprintf-js: ^1.1.2
  checksum: 22d008b6c19ebcb1bb2c9f8788e452a4d3bb8dc76ff9dc8ea409e703693303ac7981b9229e85754883524dad605b777b0628807391d73c419ba3178d2a6d4daf
  languageName: node
  linkType: hard

"assertion-error@npm:^1.1.0":
  version: 1.1.0
  resolution: "assertion-error@npm:1.1.0"
  checksum: fd9429d3a3d4fd61782eb3962ae76b6d08aa7383123fca0596020013b3ebd6647891a85b05ce821c47d1471ed1271f00b0545cf6a4326cf2fc91efcc3b0fbecf
  languageName: node
  linkType: hard

"depd@npm:^2.0.0":
  version: 2.0.0
  resolution: "depd@npm:2.0.0"
  checksum: abbe19c768c97ee2eed6282d8ce3031126662252c58d711f646921c9623f9052e3e1906443066beec1095832f534e57c523b7333f8e7e0d93051ab6baef5ab3a
  languageName: node
  linkType: hard

"inherits@npm:^2.0.4":
  version: 2.0.4
  resolution: "inherits@npm:2.0.4"
  checksum: 4a48a733847879d6cf6691860a6b1e3f0f4754176e4d71494c41f3475553768b10f84b5ce1d40fbd0e34e6bfbb864ee35858ad4dd2cf31e02fc4a154b724d7f1
  languageName: node
  linkType: hard

"nodemailer@npm:^6.9.1":
  version: 6.9.1
  resolution: "nodemailer@npm:6.9.1"
  checksum: b1b9670afc170b4454665abae3fc9acd7e781adb9f579d1c2cd991bf75c647ebe345593f8a057e48d7bf9e4c9a9218869f87db8fb7171c614f557000ab654572
  languageName: node
  linkType: hard

"sprintf-js@npm:^1.1.2":
  version: 1.1.2
  resolution: "sprintf-js@npm:1.1.2"
  checksum: d4bb46464632b335e5faed381bd331157e0af64915a98ede833452663bc672823db49d7531c32d58798e85236581fb7342fd0270531ffc8f914e186187bf1c90
  languageName: node
  linkType: hard

"test-mails@workspace:.":
  version: 0.0.0-use.local
  resolution: "test-mails@workspace:."
  dependencies:
    "@openagenda/verror": ^3.1.0
    nodemailer: ^6.9.1
  languageName: unknown
  linkType: soft
